<?xml version="1.0" encoding="utf-8"?>
<Project ToolsVersion="4.0" xmlns="http://schemas.microsoft.com/developer/msbuild/2003">
  <ItemGroup>
    <Filter Include="win32">
      <UniqueIdentifier>{84a8ebd7-7cf0-47f6-b75e-d441df67da40}</UniqueIdentifier>
    </Filter>
    <Filter Include="resource">
      <UniqueIdentifier>{715254bc-d70b-4ec5-bf29-467dd3ace079}</UniqueIdentifier>
    </Filter>
    <Filter Include="src">
      <UniqueIdentifier>{bb6c862e-70e9-49d9-81b7-3829a6f50471}</UniqueIdentifier>
    </Filter>
    <Filter Include="src\Headers">
      <UniqueIdentifier>{89d1d0f3-ddaa-439f-b55f-6c4ed2731e0c}</UniqueIdentifier>
    </Filter>
    <Filter Include="src\Sources">
      <UniqueIdentifier>{79425eb3-eeaf-49a3-bcdb-48ef3aa7b309}</UniqueIdentifier>
    </Filter>
  </ItemGroup>
  <ItemGroup>
    <ClCompile Include="main.cpp">
      <Filter>win32</Filter>
    </ClCompile>
    <ClCompile Include="..\Classes\AppDelegate.cpp">
      <Filter>src\Sources</Filter>
    </ClCompile>
    <ClCompile Include="..\Classes\BattleLayer.cpp">
      <Filter>src\Sources</Filter>
    </ClCompile>
    <ClCompile Include="..\Classes\EnemyTank.cpp">
      <Filter>src\Sources</Filter>
    </ClCompile>
    <ClCompile Include="..\Classes\GameObject.cpp">
      <Filter>src\Sources</Filter>
    </ClCompile>
    <ClCompile Include="..\Classes\Maze.cpp">
      <Filter>src\Sources</Filter>
    </ClCompile>
    <ClCompile Include="..\Classes\PlayerTank.cpp">
      <Filter>src\Sources</Filter>
    </ClCompile>
    <ClCompile Include="..\Classes\Tank.cpp">
      <Filter>src\Sources</Filter>
    </ClCompile>
    <ClCompile Include="..\Classes\TextureFactory.cpp">
      <Filter>src\Sources</Filter>
    </ClCompile>
    <ClCompile Include="..\Classes\Wall.cpp">
      <Filter>src\Sources</Filter>
    </ClCompile>
    <ClCompile Include="..\Classes\Ground.cpp">
      <Filter>src\Sources</Filter>
    </ClCompile>
    <ClCompile Include="..\Classes\Brick.cpp">
      <Filter>src\Sources</Filter>
    </ClCompile>
    <ClCompile Include="..\Classes\Eagle.cpp">
      <Filter>src\Sources</Filter>
    </ClCompile>
    <ClCompile Include="..\Classes\Shot.cpp">
      <Filter>src\Sources</Filter>
    </ClCompile>
  </ItemGroup>
  <ItemGroup>
    <ClInclude Include="main.h">
      <Filter>win32</Filter>
    </ClInclude>
    <ClInclude Include="..\Classes\AppDelegate.h">
      <Filter>src\Headers</Filter>
    </ClInclude>
    <ClInclude Include="..\Classes\BattleLayer.h">
      <Filter>src\Headers</Filter>
    </ClInclude>
    <ClInclude Include="..\Classes\defens.h">
      <Filter>src\Headers</Filter>
    </ClInclude>
    <ClInclude Include="..\Classes\GameObject.h">
      <Filter>src\Headers</Filter>
    </ClInclude>
    <ClInclude Include="..\Classes\EnemyTank.h">
      <Filter>src\Headers</Filter>
    </ClInclude>
    <ClInclude Include="..\Classes\Maze.h">
      <Filter>src\Headers</Filter>
    </ClInclude>
    <ClInclude Include="..\Classes\PlayerTank.h">
      <Filter>src\Headers</Filter>
    </ClInclude>
    <ClInclude Include="..\Classes\Tank.h">
      <Filter>src\Headers</Filter>
    </ClInclude>
    <ClInclude Include="..\Classes\TextureFactory.h">
      <Filter>src\Headers</Filter>
    </ClInclude>
    <ClInclude Include="..\Classes\Wall.h">
      <Filter>src\Headers</Filter>
    </ClInclude>
    <ClInclude Include="..\Classes\Ground.h">
      <Filter>src\Headers</Filter>
    </ClInclude>
    <ClInclude Include="..\Classes\Brick.h">
      <Filter>src\Headers</Filter>
    </ClInclude>
    <ClInclude Include="..\Classes\Eagle.h">
      <Filter>src\Headers</Filter>
    </ClInclude>
    <ClInclude Include="..\Classes\Shot.h">
      <Filter>src\Headers</Filter>
    </ClInclude>
  </ItemGroup>
  <ItemGroup>
    <ResourceCompile Include="game.rc">
      <Filter>resource</Filter>
    </ResourceCompile>
  </ItemGroup>
</Project>